
Microsoft Visual Studio Solution File, Format Version 12.00
# Visual Studio 15
VisualStudioVersion = 15.0.27703.2000
MinimumVisualStudioVersion = 10.0.40219.1
Project("{FAE04EC0-301F-11D3-BF4B-00C04F79EFBC}") = "GoogleClientPlugin.Android", "GoogleClientPlugin\GoogleClientPlugin.Android\GoogleClientPlugin.Android.csproj", "{57F229BA-578A-4672-A5D2-863CB3E3ABA8}"
EndProject
Project("{FAE04EC0-301F-11D3-BF4B-00C04F79EFBC}") = "GoogleClientPlugin.iOS", "GoogleClientPlugin\GoogleClientPlugin.iOS\GoogleClientPlugin.iOS.csproj", "{2D4EC0CB-D81B-46C3-A8E3-233A8EF4FEB1}"
EndProject
Project("{FAE04EC0-301F-11D3-BF4B-00C04F79EFBC}") = "GoogleClientPlugin", "GoogleClientPlugin\GoogleClientPlugin\GoogleClientPlugin.csproj", "{506F81A5-8272-4563-8628-0B820A28E218}"
EndProject
Global
	GlobalSection(SolutionConfigurationPlatforms) = preSolution
		Ad-Hoc|Any CPU = Ad-Hoc|Any CPU
		Ad-Hoc|iPhone = Ad-Hoc|iPhone
		Ad-Hoc|iPhoneSimulator = Ad-Hoc|iPhoneSimulator
		AppStore|Any CPU = AppStore|Any CPU
		AppStore|iPhone = AppStore|iPhone
		AppStore|iPhoneSimulator = AppStore|iPhoneSimulator
		Debug|Any CPU = Debug|Any CPU
		Debug|iPhone = Debug|iPhone
		Debug|iPhoneSimulator = Debug|iPhoneSimulator
		Release|Any CPU = Release|Any CPU
		Release|iPhone = Release|iPhone
		Release|iPhoneSimulator = Release|iPhoneSimulator
	EndGlobalSection
	GlobalSection(ProjectConfigurationPlatforms) = postSolution
		{57F229BA-578A-4672-A5D2-863CB3E3ABA8}.Ad-Hoc|Any CPU.ActiveCfg = Release|Any CPU
		{57F229BA-578A-4672-A5D2-863CB3E3ABA8}.Ad-Hoc|Any CPU.Build.0 = Release|Any CPU
		{57F229BA-578A-4672-A5D2-863CB3E3ABA8}.Ad-Hoc|Any CPU.Deploy.0 = Release|Any CPU
		{57F229BA-578A-4672-A5D2-863CB3E3ABA8}.Ad-Hoc|iPhone.ActiveCfg = Release|Any CPU
		{57F229BA-578A-4672-A5D2-863CB3E3ABA8}.Ad-Hoc|iPhone.Build.0 = Release|Any CPU
		{57F229BA-578A-4672-A5D2-863CB3E3ABA8}.Ad-Hoc|iPhone.Deploy.0 = Release|Any CPU
		{57F229BA-578A-4672-A5D2-863CB3E3ABA8}.Ad-Hoc|iPhoneSimulator.ActiveCfg = Release|Any CPU
		{57F229BA-578A-4672-A5D2-863CB3E3ABA8}.Ad-Hoc|iPhoneSimulator.Build.0 = Release|Any CPU
		{57F229BA-578A-4672-A5D2-863CB3E3ABA8}.Ad-Hoc|iPhoneSimulator.Deploy.0 = Release|Any CPU
		{57F229BA-578A-4672-A5D2-863CB3E3ABA8}.AppStore|Any CPU.ActiveCfg = Release|Any CPU
		{57F229BA-578A-4672-A5D2-863CB3E3ABA8}.AppStore|Any CPU.Build.0 = Release|Any CPU
		{57F229BA-578A-4672-A5D2-863CB3E3ABA8}.AppStore|Any CPU.Deploy.0 = Release|Any CPU
		{57F229BA-578A-4672-A5D2-863CB3E3ABA8}.AppStore|iPhone.ActiveCfg = Release|Any CPU
		{57F229BA-578A-4672-A5D2-863CB3E3ABA8}.AppStore|iPhone.Build.0 = Release|Any CPU
		{57F229BA-578A-4672-A5D2-863CB3E3ABA8}.AppStore|iPhone.Deploy.0 = Release|Any CPU
		{57F229BA-578A-4672-A5D2-863CB3E3ABA8}.AppStore|iPhoneSimulator.ActiveCfg = Release|Any CPU
		{57F229BA-578A-4672-A5D2-863CB3E3ABA8}.AppStore|iPhoneSimulator.Build.0 = Release|Any CPU
		{57F229BA-578A-4672-A5D2-863CB3E3ABA8}.AppStore|iPhoneSimulator.Deploy.0 = Release|Any CPU
		{57F229BA-578A-4672-A5D2-863CB3E3ABA8}.Debug|Any CPU.ActiveCfg = Debug|Any CPU
		{57F229BA-578A-4672-A5D2-863CB3E3ABA8}.Debug|Any CPU.Build.0 = Debug|Any CPU
		{57F229BA-578A-4672-A5D2-863CB3E3ABA8}.Debug|Any CPU.Deploy.0 = Debug|Any CPU
		{57F229BA-578A-4672-A5D2-863CB3E3ABA8}.Debug|iPhone.ActiveCfg = Debug|Any CPU
		{57F229BA-578A-4672-A5D2-863CB3E3ABA8}.Debug|iPhone.Build.0 = Debug|Any CPU
		{57F229BA-578A-4672-A5D2-863CB3E3ABA8}.Debug|iPhone.Deploy.0 = Debug|Any CPU
		{57F229BA-578A-4672-A5D2-863CB3E3ABA8}.Debug|iPhoneSimulator.ActiveCfg = Debug|Any CPU
		{57F229BA-578A-4672-A5D2-863CB3E3ABA8}.Debug|iPhoneSimulator.Build.0 = Debug|Any CPU
		{57F229BA-578A-4672-A5D2-863CB3E3ABA8}.Debug|iPhoneSimulator.Deploy.0 = Debug|Any CPU
		{57F229BA-578A-4672-A5D2-863CB3E3ABA8}.Release|Any CPU.ActiveCfg = Release|Any CPU
		{57F229BA-578A-4672-A5D2-863CB3E3ABA8}.Release|Any CPU.Build.0 = Release|Any CPU
		{57F229BA-578A-4672-A5D2-863CB3E3ABA8}.Release|Any CPU.Deploy.0 = Release|Any CPU
		{57F229BA-578A-4672-A5D2-863CB3E3ABA8}.Release|iPhone.ActiveCfg = Release|Any CPU
		{57F229BA-578A-4672-A5D2-863CB3E3ABA8}.Release|iPhone.Build.0 = Release|Any CPU
		{57F229BA-578A-4672-A5D2-863CB3E3ABA8}.Release|iPhone.Deploy.0 = Release|Any CPU
		{57F229BA-578A-4672-A5D2-863CB3E3ABA8}.Release|iPhoneSimulator.ActiveCfg = Release|Any CPU
		{57F229BA-578A-4672-A5D2-863CB3E3ABA8}.Release|iPhoneSimulator.Build.0 = Release|Any CPU
		{57F229BA-578A-4672-A5D2-863CB3E3ABA8}.Release|iPhoneSimulator.Deploy.0 = Release|Any CPU
		{2D4EC0CB-D81B-46C3-A8E3-233A8EF4FEB1}.Ad-Hoc|Any CPU.ActiveCfg = Ad-Hoc|iPhone
		{2D4EC0CB-D81B-46C3-A8E3-233A8EF4FEB1}.Ad-Hoc|Any CPU.Build.0 = Ad-Hoc|iPhone
		{2D4EC0CB-D81B-46C3-A8E3-233A8EF4FEB1}.Ad-Hoc|Any CPU.Deploy.0 = Ad-Hoc|iPhone
		{2D4EC0CB-D81B-46C3-A8E3-233A8EF4FEB1}.Ad-Hoc|iPhone.ActiveCfg = Ad-Hoc|iPhone
		{2D4EC0CB-D81B-46C3-A8E3-233A8EF4FEB1}.Ad-Hoc|iPhone.Build.0 = Ad-Hoc|iPhone
		{2D4EC0CB-D81B-46C3-A8E3-233A8EF4FEB1}.Ad-Hoc|iPhone.Deploy.0 = Ad-Hoc|iPhone
		{2D4EC0CB-D81B-46C3-A8E3-233A8EF4FEB1}.Ad-Hoc|iPhoneSimulator.ActiveCfg = Ad-Hoc|iPhoneSimulator
		{2D4EC0CB-D81B-46C3-A8E3-233A8EF4FEB1}.Ad-Hoc|iPhoneSimulator.Build.0 = Ad-Hoc|iPhoneSimulator
		{2D4EC0CB-D81B-46C3-A8E3-233A8EF4FEB1}.Ad-Hoc|iPhoneSimulator.Deploy.0 = Ad-Hoc|iPhoneSimulator
		{2D4EC0CB-D81B-46C3-A8E3-233A8EF4FEB1}.AppStore|Any CPU.ActiveCfg = AppStore|iPhone
		{2D4EC0CB-D81B-46C3-A8E3-233A8EF4FEB1}.AppStore|Any CPU.Build.0 = AppStore|iPhone
		{2D4EC0CB-D81B-46C3-A8E3-233A8EF4FEB1}.AppStore|Any CPU.Deploy.0 = AppStore|iPhone
		{2D4EC0CB-D81B-46C3-A8E3-233A8EF4FEB1}.AppStore|iPhone.ActiveCfg = AppStore|iPhone
		{2D4EC0CB-D81B-46C3-A8E3-233A8EF4FEB1}.AppStore|iPhone.Build.0 = AppStore|iPhone
		{2D4EC0CB-D81B-46C3-A8E3-233A8EF4FEB1}.AppStore|iPhone.Deploy.0 = AppStore|iPhone
		{2D4EC0CB-D81B-46C3-A8E3-233A8EF4FEB1}.AppStore|iPhoneSimulator.ActiveCfg = AppStore|iPhoneSimulator
		{2D4EC0CB-D81B-46C3-A8E3-233A8EF4FEB1}.AppStore|iPhoneSimulator.Build.0 = AppStore|iPhoneSimulator
		{2D4EC0CB-D81B-46C3-A8E3-233A8EF4FEB1}.AppStore|iPhoneSimulator.Deploy.0 = AppStore|iPhoneSimulator
		{2D4EC0CB-D81B-46C3-A8E3-233A8EF4FEB1}.Debug|Any CPU.ActiveCfg = Debug|iPhoneSimulator
		{2D4EC0CB-D81B-46C3-A8E3-233A8EF4FEB1}.Debug|Any CPU.Build.0 = Debug|iPhoneSimulator
		{2D4EC0CB-D81B-46C3-A8E3-233A8EF4FEB1}.Debug|Any CPU.Deploy.0 = Debug|iPhoneSimulator
		{2D4EC0CB-D81B-46C3-A8E3-233A8EF4FEB1}.Debug|iPhone.ActiveCfg = Debug|iPhone
		{2D4EC0CB-D81B-46C3-A8E3-233A8EF4FEB1}.Debug|iPhone.Build.0 = Debug|iPhone
		{2D4EC0CB-D81B-46C3-A8E3-233A8EF4FEB1}.Debug|iPhone.Deploy.0 = Debug|iPhone
		{2D4EC0CB-D81B-46C3-A8E3-233A8EF4FEB1}.Debug|iPhoneSimulator.ActiveCfg = Debug|iPhoneSimulator
		{2D4EC0CB-D81B-46C3-A8E3-233A8EF4FEB1}.Debug|iPhoneSimulator.Build.0 = Debug|iPhoneSimulator
		{2D4EC0CB-D81B-46C3-A8E3-233A8EF4FEB1}.Debug|iPhoneSimulator.Deploy.0 = Debug|iPhoneSimulator
		{2D4EC0CB-D81B-46C3-A8E3-233A8EF4FEB1}.Release|Any CPU.ActiveCfg = Release|iPhone
		{2D4EC0CB-D81B-46C3-A8E3-233A8EF4FEB1}.Release|Any CPU.Build.0 = Release|iPhone
		{2D4EC0CB-D81B-46C3-A8E3-233A8EF4FEB1}.Release|Any CPU.Deploy.0 = Release|iPhone
		{2D4EC0CB-D81B-46C3-A8E3-233A8EF4FEB1}.Release|iPhone.ActiveCfg = Release|iPhone
		{2D4EC0CB-D81B-46C3-A8E3-233A8EF4FEB1}.Release|iPhone.Build.0 = Release|iPhone
		{2D4EC0CB-D81B-46C3-A8E3-233A8EF4FEB1}.Release|iPhone.Deploy.0 = Release|iPhone
		{2D4EC0CB-D81B-46C3-A8E3-233A8EF4FEB1}.Release|iPhoneSimulator.ActiveCfg = Release|iPhoneSimulator
		{2D4EC0CB-D81B-46C3-A8E3-233A8EF4FEB1}.Release|iPhoneSimulator.Build.0 = Release|iPhoneSimulator
		{2D4EC0CB-D81B-46C3-A8E3-233A8EF4FEB1}.Release|iPhoneSimulator.Deploy.0 = Release|iPhoneSimulator
		{506F81A5-8272-4563-8628-0B820A28E218}.Ad-Hoc|Any CPU.ActiveCfg = Debug|Any CPU
		{506F81A5-8272-4563-8628-0B820A28E218}.Ad-Hoc|Any CPU.Build.0 = Debug|Any CPU
		{506F81A5-8272-4563-8628-0B820A28E218}.Ad-Hoc|Any CPU.Deploy.0 = Debug|Any CPU
		{506F81A5-8272-4563-8628-0B820A28E218}.Ad-Hoc|iPhone.ActiveCfg = Debug|Any CPU
		{506F81A5-8272-4563-8628-0B820A28E218}.Ad-Hoc|iPhone.Build.0 = Debug|Any CPU
		{506F81A5-8272-4563-8628-0B820A28E218}.Ad-Hoc|iPhone.Deploy.0 = Debug|Any CPU
		{506F81A5-8272-4563-8628-0B820A28E218}.Ad-Hoc|iPhoneSimulator.ActiveCfg = Debug|Any CPU
		{506F81A5-8272-4563-8628-0B820A28E218}.Ad-Hoc|iPhoneSimulator.Build.0 = Debug|Any CPU
		{506F81A5-8272-4563-8628-0B820A28E218}.Ad-Hoc|iPhoneSimulator.Deploy.0 = Debug|Any CPU
		{506F81A5-8272-4563-8628-0B820A28E218}.AppStore|Any CPU.ActiveCfg = Debug|Any CPU
		{506F81A5-8272-4563-8628-0B820A28E218}.AppStore|Any CPU.Build.0 = Debug|Any CPU
		{506F81A5-8272-4563-8628-0B820A28E218}.AppStore|Any CPU.Deploy.0 = Debug|Any CPU
		{506F81A5-8272-4563-8628-0B820A28E218}.AppStore|iPhone.ActiveCfg = Debug|Any CPU
		{506F81A5-8272-4563-8628-0B820A28E218}.AppStore|iPhone.Build.0 = Debug|Any CPU
		{506F81A5-8272-4563-8628-0B820A28E218}.AppStore|iPhone.Deploy.0 = Debug|Any CPU
		{506F81A5-8272-4563-8628-0B820A28E218}.AppStore|iPhoneSimulator.ActiveCfg = Debug|Any CPU
		{506F81A5-8272-4563-8628-0B820A28E218}.AppStore|iPhoneSimulator.Build.0 = Debug|Any CPU
		{506F81A5-8272-4563-8628-0B820A28E218}.AppStore|iPhoneSimulator.Deploy.0 = Debug|Any CPU
		{506F81A5-8272-4563-8628-0B820A28E218}.Debug|Any CPU.ActiveCfg = Debug|Any CPU
		{506F81A5-8272-4563-8628-0B820A28E218}.Debug|Any CPU.Build.0 = Debug|Any CPU
		{506F81A5-8272-4563-8628-0B820A28E218}.Debug|Any CPU.Deploy.0 = Debug|Any CPU
		{506F81A5-8272-4563-8628-0B820A28E218}.Debug|iPhone.ActiveCfg = Debug|Any CPU
		{506F81A5-8272-4563-8628-0B820A28E218}.Debug|iPhone.Build.0 = Debug|Any CPU
		{506F81A5-8272-4563-8628-0B820A28E218}.Debug|iPhone.Deploy.0 = Debug|Any CPU
		{506F81A5-8272-4563-8628-0B820A28E218}.Debug|iPhoneSimulator.ActiveCfg = Debug|Any CPU
		{506F81A5-8272-4563-8628-0B820A28E218}.Debug|iPhoneSimulator.Build.0 = Debug|Any CPU
		{506F81A5-8272-4563-8628-0B820A28E218}.Debug|iPhoneSimulator.Deploy.0 = Debug|Any CPU
		{506F81A5-8272-4563-8628-0B820A28E218}.Release|Any CPU.ActiveCfg = Release|Any CPU
		{506F81A5-8272-4563-8628-0B820A28E218}.Release|Any CPU.Build.0 = Release|Any CPU
		{506F81A5-8272-4563-8628-0B820A28E218}.Release|Any CPU.Deploy.0 = Release|Any CPU
		{506F81A5-8272-4563-8628-0B820A28E218}.Release|iPhone.ActiveCfg = Release|Any CPU
		{506F81A5-8272-4563-8628-0B820A28E218}.Release|iPhone.Build.0 = Release|Any CPU
		{506F81A5-8272-4563-8628-0B820A28E218}.Release|iPhone.Deploy.0 = Release|Any CPU
		{506F81A5-8272-4563-8628-0B820A28E218}.Release|iPhoneSimulator.ActiveCfg = Release|Any CPU
		{506F81A5-8272-4563-8628-0B820A28E218}.Release|iPhoneSimulator.Build.0 = Release|Any CPU
		{506F81A5-8272-4563-8628-0B820A28E218}.Release|iPhoneSimulator.Deploy.0 = Release|Any CPU
	EndGlobalSection
	GlobalSection(SolutionProperties) = preSolution
		HideSolutionNode = FALSE
	EndGlobalSection
	GlobalSection(ExtensibilityGlobals) = postSolution
		SolutionGuid = {543358A7-5605-4102-A10F-F4372D989297}
	EndGlobalSection
EndGlobal
